
Microsoft Visual Studio Solution File, Format Version 11.00
# Visual Studio 2010
Project("{FAE04EC0-301F-11D3-BF4B-00C04F79EFBC}") = "Create_Product_page_proj", "Create_Product_page_proj\Create_Product_page_proj.csproj", "{EBDC16F0-A522-4FCA-AC56-90EC4B1B54CA}"
EndProject
Global
	GlobalSection(SolutionConfigurationPlatforms) = preSolution
		Debug|Any CPU = Debug|Any CPU
		Release|Any CPU = Release|Any CPU
	EndGlobalSection
	GlobalSection(ProjectConfigurationPlatforms) = postSolution
		{EBDC16F0-A522-4FCA-AC56-90EC4B1B54CA}.Debug|Any CPU.ActiveCfg = Debug|Any CPU
		{EBDC16F0-A522-4FCA-AC56-90EC4B1B54CA}.Debug|Any CPU.Build.0 = Debug|Any CPU
		{EBDC16F0-A522-4FCA-AC56-90EC4B1B54CA}.Release|Any CPU.ActiveCfg = Release|Any CPU
		{EBDC16F0-A522-4FCA-AC56-90EC4B1B54CA}.Release|Any CPU.Build.0 = Release|Any CPU
	EndGlobalSection
	GlobalSection(SolutionProperties) = preSolution
		HideSolutionNode = FALSE
	EndGlobalSection
EndGlobal
